
Microsoft Visual Studio Solution File, Format Version 12.00
# Visual Studio Version 17
VisualStudioVersion = 17.14.37328.6
MinimumVisualStudioVersion = 10.0.40219.1
Project("{FAE04EC0-301F-11D3-BF4B-00C04F79EFBC}") = "BookStore", "BookStore\BookStore.csproj", "{334AED45-B415-421B-8E0B-59DCB5E8A6FC}"
EndProject
Project("{FAE04EC0-301F-11D3-BF4B-00C04F79EFBC}") = "BookStore.UI.Console", "BookStore.UI.Console\BookStore.UI.Console.csproj", "{E69A696D-11CE-4DF0-95FE-93A4F90067FD}"
EndProject
Global
	GlobalSection(SolutionConfigurationPlatforms) = preSolution
		Debug|Any CPU = Debug|Any CPU
		Release|Any CPU = Release|Any CPU
	EndGlobalSection
	GlobalSection(ProjectConfigurationPlatforms) = postSolution
		{334AED45-B415-421B-8E0B-59DCB5E8A6FC}.Debug|Any CPU.ActiveCfg = Debug|Any CPU
		{334AED45-B415-421B-8E0B-59DCB5E8A6FC}.Debug|Any CPU.Build.0 = Debug|Any CPU
		{334AED45-B415-421B-8E0B-59DCB5E8A6FC}.Release|Any CPU.ActiveCfg = Release|Any CPU
		{334AED45-B415-421B-8E0B-59DCB5E8A6FC}.Release|Any CPU.Build.0 = Release|Any CPU
		{E69A696D-11CE-4DF0-95FE-93A4F90067FD}.Debug|Any CPU.ActiveCfg = Debug|Any CPU
		{E69A696D-11CE-4DF0-95FE-93A4F90067FD}.Debug|Any CPU.Build.0 = Debug|Any CPU
		{E69A696D-11CE-4DF0-95FE-93A4F90067FD}.Release|Any CPU.ActiveCfg = Release|Any CPU
		{E69A696D-11CE-4DF0-95FE-93A4F90067FD}.Release|Any CPU.Build.0 = Release|Any CPU
	EndGlobalSection
	GlobalSection(SolutionProperties) = preSolution
		HideSolutionNode = FALSE
	EndGlobalSection
	GlobalSection(ExtensibilityGlobals) = postSolution
		SolutionGuid = {99018272-41F4-4226-A597-57E0BAACA3B1}
	EndGlobalSection
EndGlobal
